
Microsoft Visual Studio Solution File, Format Version 12.00
# Visual Studio 14
VisualStudioVersion = 14.0.25420.1
MinimumVisualStudioVersion = 10.0.40219.1
Project("{2150E333-8FDC-42A3-9474-1A3956D46DE8}") = "src", "src", "{C8D26623-EA5D-48BC-81AE-2680595FE0F4}"
EndProject
Project("{2150E333-8FDC-42A3-9474-1A3956D46DE8}") = "Solution Items", "Solution Items", "{67B738EE-DC0B-4838-9B4C-5603F373DCE7}"
	ProjectSection(SolutionItems) = preProject
		global.json = global.json
	EndProjectSection
EndProject
Project("{8BB2217D-0F2D-49D1-97BC-3654ED321F3B}") = "ExerciseE4", "src\ExerciseE4\ExerciseE4.xproj", "{FE893F86-9800-43F8-A020-749F6CD97645}"
EndProject
Global
	GlobalSection(SolutionConfigurationPlatforms) = preSolution
		Debug|Any CPU = Debug|Any CPU
		Release|Any CPU = Release|Any CPU
	EndGlobalSection
	GlobalSection(ProjectConfigurationPlatforms) = postSolution
		{FE893F86-9800-43F8-A020-749F6CD97645}.Debug|Any CPU.ActiveCfg = Debug|Any CPU
		{FE893F86-9800-43F8-A020-749F6CD97645}.Debug|Any CPU.Build.0 = Debug|Any CPU
		{FE893F86-9800-43F8-A020-749F6CD97645}.Release|Any CPU.ActiveCfg = Release|Any CPU
		{FE893F86-9800-43F8-A020-749F6CD97645}.Release|Any CPU.Build.0 = Release|Any CPU
	EndGlobalSection
	GlobalSection(SolutionProperties) = preSolution
		HideSolutionNode = FALSE
	EndGlobalSection
	GlobalSection(NestedProjects) = preSolution
		{FE893F86-9800-43F8-A020-749F6CD97645} = {C8D26623-EA5D-48BC-81AE-2680595FE0F4}
	EndGlobalSection
EndGlobal
