
Microsoft Visual Studio Solution File, Format Version 12.00
# Visual Studio 14
VisualStudioVersion = 14.0.25420.1
MinimumVisualStudioVersion = 10.0.40219.1
Project("{2150E333-8FDC-42A3-9474-1A3956D46DE8}") = "src", "src", "{6F43272A-8D16-4092-BAA9-03C51B112E03}"
EndProject
Project("{2150E333-8FDC-42A3-9474-1A3956D46DE8}") = "Solution Items", "Solution Items", "{9C001D53-20F1-4D95-9786-713B02AFE88C}"
	ProjectSection(SolutionItems) = preProject
		global.json = global.json
	EndProjectSection
EndProject
Project("{8BB2217D-0F2D-49D1-97BC-3654ED321F3B}") = "Day5Quiz-array", "src\Day5Quiz-array\Day5Quiz-array.xproj", "{B727D937-C40D-45A5-985E-4E2DFDFE0DCA}"
EndProject
Global
	GlobalSection(SolutionConfigurationPlatforms) = preSolution
		Debug|Any CPU = Debug|Any CPU
		Release|Any CPU = Release|Any CPU
	EndGlobalSection
	GlobalSection(ProjectConfigurationPlatforms) = postSolution
		{B727D937-C40D-45A5-985E-4E2DFDFE0DCA}.Debug|Any CPU.ActiveCfg = Debug|Any CPU
		{B727D937-C40D-45A5-985E-4E2DFDFE0DCA}.Debug|Any CPU.Build.0 = Debug|Any CPU
		{B727D937-C40D-45A5-985E-4E2DFDFE0DCA}.Release|Any CPU.ActiveCfg = Release|Any CPU
		{B727D937-C40D-45A5-985E-4E2DFDFE0DCA}.Release|Any CPU.Build.0 = Release|Any CPU
	EndGlobalSection
	GlobalSection(SolutionProperties) = preSolution
		HideSolutionNode = FALSE
	EndGlobalSection
	GlobalSection(NestedProjects) = preSolution
		{B727D937-C40D-45A5-985E-4E2DFDFE0DCA} = {6F43272A-8D16-4092-BAA9-03C51B112E03}
	EndGlobalSection
EndGlobal
